
Microsoft Visual Studio Solution File, Format Version 12.00
# Visual Studio Version 17
VisualStudioVersion = 17.3.32929.385
MinimumVisualStudioVersion = 10.0.40219.1
Project("{FAE04EC0-301F-11D3-BF4B-00C04F79EFBC}") = "ConsoleApp", "ConsoleApp\ConsoleApp.csproj", "{2069F276-89B6-49EC-A56B-12188AE6C577}"
EndProject
Project("{FAE04EC0-301F-11D3-BF4B-00C04F79EFBC}") = "ClassLibrary", "ClassLibrary\ClassLibrary.csproj", "{54A8014A-73FC-4B7A-8179-F206EB287EEC}"
EndProject
Global
	GlobalSection(SolutionConfigurationPlatforms) = preSolution
		Debug|Any CPU = Debug|Any CPU
		Release|Any CPU = Release|Any CPU
	EndGlobalSection
	GlobalSection(ProjectConfigurationPlatforms) = postSolution
		{2069F276-89B6-49EC-A56B-12188AE6C577}.Debug|Any CPU.ActiveCfg = Debug|Any CPU
		{2069F276-89B6-49EC-A56B-12188AE6C577}.Debug|Any CPU.Build.0 = Debug|Any CPU
		{2069F276-89B6-49EC-A56B-12188AE6C577}.Release|Any CPU.ActiveCfg = Release|Any CPU
		{2069F276-89B6-49EC-A56B-12188AE6C577}.Release|Any CPU.Build.0 = Release|Any CPU
		{54A8014A-73FC-4B7A-8179-F206EB287EEC}.Debug|Any CPU.ActiveCfg = Debug|Any CPU
		{54A8014A-73FC-4B7A-8179-F206EB287EEC}.Debug|Any CPU.Build.0 = Debug|Any CPU
		{54A8014A-73FC-4B7A-8179-F206EB287EEC}.Release|Any CPU.ActiveCfg = Release|Any CPU
		{54A8014A-73FC-4B7A-8179-F206EB287EEC}.Release|Any CPU.Build.0 = Release|Any CPU
	EndGlobalSection
	GlobalSection(SolutionProperties) = preSolution
		HideSolutionNode = FALSE
	EndGlobalSection
	GlobalSection(ExtensibilityGlobals) = postSolution
		SolutionGuid = {6003F820-57CA-422F-AC12-DBFD046AD7F5}
	EndGlobalSection
EndGlobal
